
Microsoft Visual Studio Solution File, Format Version 12.00
# Visual Studio Version 16
VisualStudioVersion = 16.0.30413.136
MinimumVisualStudioVersion = 10.0.40219.1
Project("{FAE04EC0-301F-11D3-BF4B-00C04F79EFBC}") = "DbApp", "DbApp\DbApp.csproj", "{42B95D36-7CFF-4365-8718-3ADD1F8CD407}"
EndProject
Global
	GlobalSection(SolutionConfigurationPlatforms) = preSolution
		Debug|Any CPU = Debug|Any CPU
		Release|Any CPU = Release|Any CPU
	EndGlobalSection
	GlobalSection(ProjectConfigurationPlatforms) = postSolution
		{42B95D36-7CFF-4365-8718-3ADD1F8CD407}.Debug|Any CPU.ActiveCfg = Debug|Any CPU
		{42B95D36-7CFF-4365-8718-3ADD1F8CD407}.Debug|Any CPU.Build.0 = Debug|Any CPU
		{42B95D36-7CFF-4365-8718-3ADD1F8CD407}.Release|Any CPU.ActiveCfg = Release|Any CPU
		{42B95D36-7CFF-4365-8718-3ADD1F8CD407}.Release|Any CPU.Build.0 = Release|Any CPU
	EndGlobalSection
	GlobalSection(SolutionProperties) = preSolution
		HideSolutionNode = FALSE
	EndGlobalSection
	GlobalSection(ExtensibilityGlobals) = postSolution
		SolutionGuid = {C03985D1-AD20-4167-ACC1-CD7F660EB674}
	EndGlobalSection
EndGlobal
